
Microsoft Visual Studio Solution File, Format Version 12.00
# Visual Studio Version 17
VisualStudioVersion = 17.7.34221.43
MinimumVisualStudioVersion = 10.0.40219.1
Project("{FAE04EC0-301F-11D3-BF4B-00C04F79EFBC}") = "superMarket-mvp", "superMarket-mvp\superMarket-mvp.csproj", "{5FCDDA17-6C1E-4342-A840-084C5A85D413}"
EndProject
Global
	GlobalSection(SolutionConfigurationPlatforms) = preSolution
		Debug|Any CPU = Debug|Any CPU
		Release|Any CPU = Release|Any CPU
	EndGlobalSection
	GlobalSection(ProjectConfigurationPlatforms) = postSolution
		{5FCDDA17-6C1E-4342-A840-084C5A85D413}.Debug|Any CPU.ActiveCfg = Debug|Any CPU
		{5FCDDA17-6C1E-4342-A840-084C5A85D413}.Debug|Any CPU.Build.0 = Debug|Any CPU
		{5FCDDA17-6C1E-4342-A840-084C5A85D413}.Release|Any CPU.ActiveCfg = Release|Any CPU
		{5FCDDA17-6C1E-4342-A840-084C5A85D413}.Release|Any CPU.Build.0 = Release|Any CPU
	EndGlobalSection
	GlobalSection(SolutionProperties) = preSolution
		HideSolutionNode = FALSE
	EndGlobalSection
	GlobalSection(ExtensibilityGlobals) = postSolution
		SolutionGuid = {F520F299-1BDD-49A4-9BDD-484DDFD4AF2D}
	EndGlobalSection
EndGlobal
